schema: '2.0'
stages:
  prepare:
    cmd: python src/prepare.py
    deps:
    - path: data/raw/students.csv
      hash: md5
      md5: 9c5234b3b979060fd46c7d568c8f3cc4
      size: 943
    - path: src/prepare.py
      hash: md5
      md5: 229520daba49c74b984abb6ac91f2883
      size: 879
    outs:
    - path: data/processed/clean.csv
      hash: md5
      md5: 77184f593abc55948769d3952df94a27
      size: 795
  featurize:
    cmd: python src/featurize.py
    deps:
    - path: data/processed/clean.csv
      hash: md5
      md5: 77184f593abc55948769d3952df94a27
      size: 795
    - path: src/featurize.py
      hash: md5
      md5: fe0b4bd6ec8294115ef7fd3ca6e72319
      size: 1034
    outs:
    - path: data/processed/features.csv
      hash: md5
      md5: ae676d35606d054e1ec9417e5c668920
      size: 1743
  train:
    cmd: python src/train.py
    deps:
    - path: data/processed/features.csv
      hash: md5
      md5: ae676d35606d054e1ec9417e5c668920
      size: 1743
    - path: src/train.py
      hash: md5
      md5: dfdb26fdac0c6f68b8c333f7cb501617
      size: 1145
    outs:
    - path: data/processed/X_test.csv
      hash: md5
      md5: 072f4fa8f92574ff124bcc3902ecdea6
      size: 430
    - path: data/processed/y_test.csv
      hash: md5
      md5: 3f7b0c59e0b0a5c762a86365a9e7bc19
      size: 36
    - path: models/model.pkl
      hash: md5
      md5: cf32d125123eabb443aa315b65b1e16f
      size: 184921
  evaluate:
    cmd: python src/evaluate.py
    deps:
    - path: data/processed/X_test.csv
      hash: md5
      md5: 072f4fa8f92574ff124bcc3902ecdea6
      size: 430
    - path: data/processed/y_test.csv
      hash: md5
      md5: 3f7b0c59e0b0a5c762a86365a9e7bc19
      size: 36
    - path: models/model.pkl
      hash: md5
      md5: cf32d125123eabb443aa315b65b1e16f
      size: 184921
    - path: src/evaluate.py
      hash: md5
      md5: 31cf58923f65529b8cbc3a32bdd4359f
      size: 1268
    outs:
    - path: metrics/scores.json
      hash: md5
      md5: 74a32120f3b2baf94d2e51a67a954264
      size: 87
